
Microsoft Visual Studio Solution File, Format Version 12.00
# Visual Studio Version 17
VisualStudioVersion = 17.3.32825.248
MinimumVisualStudioVersion = 10.0.40219.1
Project("{FAE04EC0-301F-11D3-BF4B-00C04F79EFBC}") = "Nuck Figgers", "Nuck Figgers\Nuck Figgers.csproj", "{DD1D9A01-B3EE-45EC-A3B8-A04B5D2B39AF}"
EndProject
Global
	GlobalSection(SolutionConfigurationPlatforms) = preSolution
		Debug|Any CPU = Debug|Any CPU
		Release|Any CPU = Release|Any CPU
	EndGlobalSection
	GlobalSection(ProjectConfigurationPlatforms) = postSolution
		{DD1D9A01-B3EE-45EC-A3B8-A04B5D2B39AF}.Debug|Any CPU.ActiveCfg = Debug|Any CPU
		{DD1D9A01-B3EE-45EC-A3B8-A04B5D2B39AF}.Debug|Any CPU.Build.0 = Debug|Any CPU
		{DD1D9A01-B3EE-45EC-A3B8-A04B5D2B39AF}.Release|Any CPU.ActiveCfg = Release|Any CPU
		{DD1D9A01-B3EE-45EC-A3B8-A04B5D2B39AF}.Release|Any CPU.Build.0 = Release|Any CPU
	EndGlobalSection
	GlobalSection(SolutionProperties) = preSolution
		HideSolutionNode = FALSE
	EndGlobalSection
	GlobalSection(ExtensibilityGlobals) = postSolution
		SolutionGuid = {7A61EA57-9A63-48E7-B7A2-E3D79BB27A87}
	EndGlobalSection
EndGlobal
